{
  "name": "runba",
  "version": "0.0.1",
  "lockfileVersion": 1,
  "requires": true,
  "dependencies": {
    "ng2-translate": {
      "version": "5.0.0",
      "resolved": "http://registry.npm.taobao.org/ng2-translate/download/ng2-translate-5.0.0.tgz",
      "integrity": "sha1-Ctu1EOtQB6LW3tX10miIwUdgrKU="
    }
  }
}
